
Microsoft Visual Studio Solution File, Format Version 12.00
# Visual Studio 15
VisualStudioVersion = 15.0.27428.2002
MinimumVisualStudioVersion = 10.0.40219.1
Project("{FAE04EC0-301F-11D3-BF4B-00C04F79EFBC}") = "PrsCapstoneProject", "PrsCapstoneProject\PrsCapstoneProject.csproj", "{D29DD297-9FF7-40A7-9799-A13C6B856CDC}"
EndProject
Global
	GlobalSection(SolutionConfigurationPlatforms) = preSolution
		Debug|Any CPU = Debug|Any CPU
		Release|Any CPU = Release|Any CPU
	EndGlobalSection
	GlobalSection(ProjectConfigurationPlatforms) = postSolution
		{D29DD297-9FF7-40A7-9799-A13C6B856CDC}.Debug|Any CPU.ActiveCfg = Debug|Any CPU
		{D29DD297-9FF7-40A7-9799-A13C6B856CDC}.Debug|Any CPU.Build.0 = Debug|Any CPU
		{D29DD297-9FF7-40A7-9799-A13C6B856CDC}.Release|Any CPU.ActiveCfg = Release|Any CPU
		{D29DD297-9FF7-40A7-9799-A13C6B856CDC}.Release|Any CPU.Build.0 = Release|Any CPU
	EndGlobalSection
	GlobalSection(SolutionProperties) = preSolution
		HideSolutionNode = FALSE
	EndGlobalSection
	GlobalSection(ExtensibilityGlobals) = postSolution
		SolutionGuid = {51847F95-5D22-41DE-9DD9-ED72194FBFB3}
	EndGlobalSection
EndGlobal
